
Microsoft Visual Studio Solution File, Format Version 12.00
# Visual Studio Version 17
VisualStudioVersion = 17.11.35327.3
MinimumVisualStudioVersion = 10.0.40219.1
Project("{FAE04EC0-301F-11D3-BF4B-00C04F79EFBC}") = "ConsoleApp39", "ConsoleApp39.csproj", "{82DF80C3-BC96-4E2C-9E1A-D87CA6441B06}"
EndProject
Global
	GlobalSection(SolutionConfigurationPlatforms) = preSolution
		Debug|Any CPU = Debug|Any CPU
		Release|Any CPU = Release|Any CPU
	EndGlobalSection
	GlobalSection(ProjectConfigurationPlatforms) = postSolution
		{82DF80C3-BC96-4E2C-9E1A-D87CA6441B06}.Debug|Any CPU.ActiveCfg = Debug|Any CPU
		{82DF80C3-BC96-4E2C-9E1A-D87CA6441B06}.Debug|Any CPU.Build.0 = Debug|Any CPU
		{82DF80C3-BC96-4E2C-9E1A-D87CA6441B06}.Release|Any CPU.ActiveCfg = Release|Any CPU
		{82DF80C3-BC96-4E2C-9E1A-D87CA6441B06}.Release|Any CPU.Build.0 = Release|Any CPU
	EndGlobalSection
	GlobalSection(SolutionProperties) = preSolution
		HideSolutionNode = FALSE
	EndGlobalSection
	GlobalSection(ExtensibilityGlobals) = postSolution
		SolutionGuid = {F1FC1D95-64B0-4766-9E41-28F30AC1D981}
	EndGlobalSection
EndGlobal
